
Microsoft Visual Studio Solution File, Format Version 12.00
Project("{FAE04EC0-301F-11D3-BF4B-00C04F79EFBC}") = "FileIconViewer", "FileIconViewer\FileIconViewer.csproj", "{777656EC-FA3A-4F2F-AD71-3119DCB4474D}"
EndProject
Global
	GlobalSection(SolutionConfigurationPlatforms) = preSolution
		Debug|Any CPU = Debug|Any CPU
		Release|Any CPU = Release|Any CPU
	EndGlobalSection
	GlobalSection(ProjectConfigurationPlatforms) = postSolution
		{777656EC-FA3A-4F2F-AD71-3119DCB4474D}.Debug|Any CPU.ActiveCfg = Debug|Any CPU
		{777656EC-FA3A-4F2F-AD71-3119DCB4474D}.Debug|Any CPU.Build.0 = Debug|Any CPU
		{777656EC-FA3A-4F2F-AD71-3119DCB4474D}.Release|Any CPU.ActiveCfg = Release|Any CPU
		{777656EC-FA3A-4F2F-AD71-3119DCB4474D}.Release|Any CPU.Build.0 = Release|Any CPU
	EndGlobalSection
EndGlobal
